Microsoft Visual Studio Solution File, Format Version 12.00
# Visual Studio Version 17
VisualStudioVersion = 17.5.2.0
MinimumVisualStudioVersion = 10.0.40219.1
Project("{2150E333-8FDC-42A3-9474-1A3956D46DE8}") = "CSharp", "CSharp", "{B41BF331-FCCB-2ADF-CDB6-767964B34647}"
EndProject
Project("{2150E333-8FDC-42A3-9474-1A3956D46DE8}") = "CSharp-Basics", "CSharp-Basics", "{6D7B3DF0-356A-D872-54E3-7993327A2AD3}"
EndProject
Project("{FAE04EC0-301F-11D3-BF4B-00C04F79EFBC}") = "BankAccount", "CSharp\CSharp-Basics\BankAccount\BankAccount.csproj", "{F163A6DC-7A26-FDFE-1B31-0D56B76DD6CC}"
EndProject
Project("{FAE04EC0-301F-11D3-BF4B-00C04F79EFBC}") = "BooleanExpressions", "CSharp\CSharp-Basics\BooleanExpressions\BooleanExpressions.csproj", "{6781F5B0-1692-C18B-25C3-9BDCD75DA5CD}"
EndProject
Project("{FAE04EC0-301F-11D3-BF4B-00C04F79EFBC}") = "ChessBoardPattern", "CSharp\CSharp-Basics\ChessBoardPattern\ChessBoardPattern.csproj", "{B2AF5C02-457A-C0BD-F3A1-8D58BD0202BB}"
EndProject
Project("{FAE04EC0-301F-11D3-BF4B-00C04F79EFBC}") = "CoinToss", "CSharp\CSharp-Basics\CoinToss\CoinToss.csproj", "{AF36EAA9-1982-5470-5DD0-0354FD5AB586}"
EndProject
Project("{FAE04EC0-301F-11D3-BF4B-00C04F79EFBC}") = "ConsoleFormatting", "CSharp\CSharp-Basics\ConsoleFormatting\ConsoleFormatting.csproj", "{0A943064-189C-C830-4AA4-8A0227EF8D86}"
EndProject
Project("{FAE04EC0-301F-11D3-BF4B-00C04F79EFBC}") = "DiceGame", "CSharp\CSharp-Basics\DiceGame\DiceGame.csproj", "{5E6F67F8-1CFC-FF16-C171-16FE1E906F19}"
EndProject
Project("{FAE04EC0-301F-11D3-BF4B-00C04F79EFBC}") = "GPA_Calculator", "CSharp\CSharp-Basics\GPA_Calculator\GPA_Calculator.csproj", "{3F840EC0-947D-D716-ECE7-7C161E9661A0}"
EndProject
Project("{FAE04EC0-301F-11D3-BF4B-00C04F79EFBC}") = "MathMaxExample", "CSharp\CSharp-Basics\MathMaxExample\MathMaxExample.csproj", "{6FF089F9-AC54-029A-7839-3C1E3A434E09}"
EndProject
Project("{FAE04EC0-301F-11D3-BF4B-00C04F79EFBC}") = "Panda", "CSharp\CSharp-Basics\Panda\Panda.csproj", "{715B8A5E-AC84-972D-15E3-FF1B15C14DC0}"
EndProject
Project("{FAE04EC0-301F-11D3-BF4B-00C04F79EFBC}") = "Robot", "CSharp\CSharp-Basics\Robot\Robot.csproj", "{01594B66-1F2F-952D-E1B7-050DDCD76F80}"
EndProject
Project("{FAE04EC0-301F-11D3-BF4B-00C04F79EFBC}") = "StaticVsInstance.cs", "CSharp\CSharp-Basics\StaticVsInstance\StaticVsInstance.cs.csproj", "{D8963A49-AE7D-588D-CDE1-DF09BB030E10}"
EndProject
Project("{FAE04EC0-301F-11D3-BF4B-00C04F79EFBC}") = "StudentGrades", "CSharp\CSharp-Basics\StudentGrades\StudentGrades.csproj", "{EC7091FF-A509-3AEC-D524-5A52166C3A1C}"
EndProject
Project("{FAE04EC0-301F-11D3-BF4B-00C04F79EFBC}") = "SubscriptionRenewal", "CSharp\CSharp-Basics\SubscriptionRenewal\SubscriptionRenewal.csproj", "{29D3F09E-E990-72DD-39EA-09035DC63072}"
EndProject
Project("{FAE04EC0-301F-11D3-BF4B-00C04F79EFBC}") = "SwitchGradeMapping", "CSharp\CSharp-Basics\SwitchGradeMapping\SwitchGradeMapping.csproj", "{F3E59575-4559-FFA0-DDDF-5F1F80A51C4E}"
EndProject
Project("{FAE04EC0-301F-11D3-BF4B-00C04F79EFBC}") = "SwitchMenu", "CSharp\CSharp-Basics\SwitchMenu\SwitchMenu.csproj", "{7E0C5DAF-3280-719B-F41B-F78236B8560D}"
EndProject
Project("{FAE04EC0-301F-11D3-BF4B-00C04F79EFBC}") = "SwitchSkuLookup", "CSharp\CSharp-Basics\SwitchSkuLookup\SwitchSkuLookup.csproj", "{2DE2CD75-71F3-0694-DB2A-8D90E70E8378}"
EndProject
Project("{FAE04EC0-301F-11D3-BF4B-00C04F79EFBC}") = "TernaryOperator", "CSharp\CSharp-Basics\TernaryOperator\TernaryOperator.csproj", "{EC430678-011E-A394-C94D-BDD2C1BDA6A3}"
EndProject
Project("{FAE04EC0-301F-11D3-BF4B-00C04F79EFBC}") = "VariableScope", "CSharp\CSharp-Basics\VariableScope\VariableScope.csproj", "{2569BF18-4F98-96ED-3240-B091FFFDC7EF}"
EndProject
Project("{2150E333-8FDC-42A3-9474-1A3956D46DE8}") = "Arrays", "Arrays", "{21041CEE-042B-FAC8-2411-85F029E9B077}"
EndProject
Project("{FAE04EC0-301F-11D3-BF4B-00C04F79EFBC}") = "ArrayBasics", "CSharp\CSharp-Basics\Arrays\ArrayBasics\ArrayBasics.csproj", "{F476D043-B448-D750-50AB-A22BF02738E2}"
EndProject
Project("{FAE04EC0-301F-11D3-BF4B-00C04F79EFBC}") = "ArrayFiltering", "CSharp\CSharp-Basics\Arrays\ArrayFilteringStartsWith\ArrayFiltering.csproj", "{F91B0426-0AEC-B3BA-CDBA-4510B9371D4F}"
EndProject
Project("{FAE04EC0-301F-11D3-BF4B-00C04F79EFBC}") = "ArrayIteration", "CSharp\CSharp-Basics\Arrays\ArrayIteration\ArrayIteration.csproj", "{C345BDBE-B1C4-60DE-A747-D22B09891F20}"
EndProject
Project("{FAE04EC0-301F-11D3-BF4B-00C04F79EFBC}") = "StudentScores", "CSharp\CSharp-Basics\Arrays\JaggedArray\StudentScores.csproj", "{95A603E9-1684-0B2B-C7F6-C058703ED0AA}"
EndProject
Global
	GlobalSection(SolutionConfigurationPlatforms) = preSolution
		Debug|Any CPU = Debug|Any CPU
		Release|Any CPU = Release|Any CPU
	EndGlobalSection
	GlobalSection(ProjectConfigurationPlatforms) = postSolution
		{F163A6DC-7A26-FDFE-1B31-0D56B76DD6CC}.Debug|Any CPU.ActiveCfg = Debug|Any CPU
		{F163A6DC-7A26-FDFE-1B31-0D56B76DD6CC}.Debug|Any CPU.Build.0 = Debug|Any CPU
		{F163A6DC-7A26-FDFE-1B31-0D56B76DD6CC}.Release|Any CPU.ActiveCfg = Release|Any CPU
		{F163A6DC-7A26-FDFE-1B31-0D56B76DD6CC}.Release|Any CPU.Build.0 = Release|Any CPU
		{6781F5B0-1692-C18B-25C3-9BDCD75DA5CD}.Debug|Any CPU.ActiveCfg = Debug|Any CPU
		{6781F5B0-1692-C18B-25C3-9BDCD75DA5CD}.Debug|Any CPU.Build.0 = Debug|Any CPU
		{6781F5B0-1692-C18B-25C3-9BDCD75DA5CD}.Release|Any CPU.ActiveCfg = Release|Any CPU
		{6781F5B0-1692-C18B-25C3-9BDCD75DA5CD}.Release|Any CPU.Build.0 = Release|Any CPU
		{B2AF5C02-457A-C0BD-F3A1-8D58BD0202BB}.Debug|Any CPU.ActiveCfg = Debug|Any CPU
		{B2AF5C02-457A-C0BD-F3A1-8D58BD0202BB}.Debug|Any CPU.Build.0 = Debug|Any CPU
		{B2AF5C02-457A-C0BD-F3A1-8D58BD0202BB}.Release|Any CPU.ActiveCfg = Release|Any CPU
		{B2AF5C02-457A-C0BD-F3A1-8D58BD0202BB}.Release|Any CPU.Build.0 = Release|Any CPU
		{AF36EAA9-1982-5470-5DD0-0354FD5AB586}.Debug|Any CPU.ActiveCfg = Debug|Any CPU
		{AF36EAA9-1982-5470-5DD0-0354FD5AB586}.Debug|Any CPU.Build.0 = Debug|Any CPU
		{AF36EAA9-1982-5470-5DD0-0354FD5AB586}.Release|Any CPU.ActiveCfg = Release|Any CPU
		{AF36EAA9-1982-5470-5DD0-0354FD5AB586}.Release|Any CPU.Build.0 = Release|Any CPU
		{0A943064-189C-C830-4AA4-8A0227EF8D86}.Debug|Any CPU.ActiveCfg = Debug|Any CPU
		{0A943064-189C-C830-4AA4-8A0227EF8D86}.Debug|Any CPU.Build.0 = Debug|Any CPU
		{0A943064-189C-C830-4AA4-8A0227EF8D86}.Release|Any CPU.ActiveCfg = Release|Any CPU
		{0A943064-189C-C830-4AA4-8A0227EF8D86}.Release|Any CPU.Build.0 = Release|Any CPU
		{5E6F67F8-1CFC-FF16-C171-16FE1E906F19}.Debug|Any CPU.ActiveCfg = Debug|Any CPU
		{5E6F67F8-1CFC-FF16-C171-16FE1E906F19}.Debug|Any CPU.Build.0 = Debug|Any CPU
		{5E6F67F8-1CFC-FF16-C171-16FE1E906F19}.Release|Any CPU.ActiveCfg = Release|Any CPU
		{5E6F67F8-1CFC-FF16-C171-16FE1E906F19}.Release|Any CPU.Build.0 = Release|Any CPU
		{3F840EC0-947D-D716-ECE7-7C161E9661A0}.Debug|Any CPU.ActiveCfg = Debug|Any CPU
		{3F840EC0-947D-D716-ECE7-7C161E9661A0}.Debug|Any CPU.Build.0 = Debug|Any CPU
		{3F840EC0-947D-D716-ECE7-7C161E9661A0}.Release|Any CPU.ActiveCfg = Release|Any CPU
		{3F840EC0-947D-D716-ECE7-7C161E9661A0}.Release|Any CPU.Build.0 = Release|Any CPU
		{6FF089F9-AC54-029A-7839-3C1E3A434E09}.Debug|Any CPU.ActiveCfg = Debug|Any CPU
		{6FF089F9-AC54-029A-7839-3C1E3A434E09}.Debug|Any CPU.Build.0 = Debug|Any CPU
		{6FF089F9-AC54-029A-7839-3C1E3A434E09}.Release|Any CPU.ActiveCfg = Release|Any CPU
		{6FF089F9-AC54-029A-7839-3C1E3A434E09}.Release|Any CPU.Build.0 = Release|Any CPU
		{715B8A5E-AC84-972D-15E3-FF1B15C14DC0}.Debug|Any CPU.ActiveCfg = Debug|Any CPU
		{715B8A5E-AC84-972D-15E3-FF1B15C14DC0}.Debug|Any CPU.Build.0 = Debug|Any CPU
		{715B8A5E-AC84-972D-15E3-FF1B15C14DC0}.Release|Any CPU.ActiveCfg = Release|Any CPU
		{715B8A5E-AC84-972D-15E3-FF1B15C14DC0}.Release|Any CPU.Build.0 = Release|Any CPU
		{01594B66-1F2F-952D-E1B7-050DDCD76F80}.Debug|Any CPU.ActiveCfg = Debug|Any CPU
		{01594B66-1F2F-952D-E1B7-050DDCD76F80}.Debug|Any CPU.Build.0 = Debug|Any CPU
		{01594B66-1F2F-952D-E1B7-050DDCD76F80}.Release|Any CPU.ActiveCfg = Release|Any CPU
		{01594B66-1F2F-952D-E1B7-050DDCD76F80}.Release|Any CPU.Build.0 = Release|Any CPU
		{D8963A49-AE7D-588D-CDE1-DF09BB030E10}.Debug|Any CPU.ActiveCfg = Debug|Any CPU
		{D8963A49-AE7D-588D-CDE1-DF09BB030E10}.Debug|Any CPU.Build.0 = Debug|Any CPU
		{D8963A49-AE7D-588D-CDE1-DF09BB030E10}.Release|Any CPU.ActiveCfg = Release|Any CPU
		{D8963A49-AE7D-588D-CDE1-DF09BB030E10}.Release|Any CPU.Build.0 = Release|Any CPU
		{EC7091FF-A509-3AEC-D524-5A52166C3A1C}.Debug|Any CPU.ActiveCfg = Debug|Any CPU
		{EC7091FF-A509-3AEC-D524-5A52166C3A1C}.Debug|Any CPU.Build.0 = Debug|Any CPU
		{EC7091FF-A509-3AEC-D524-5A52166C3A1C}.Release|Any CPU.ActiveCfg = Release|Any CPU
		{EC7091FF-A509-3AEC-D524-5A52166C3A1C}.Release|Any CPU.Build.0 = Release|Any CPU
		{29D3F09E-E990-72DD-39EA-09035DC63072}.Debug|Any CPU.ActiveCfg = Debug|Any CPU
		{29D3F09E-E990-72DD-39EA-09035DC63072}.Debug|Any CPU.Build.0 = Debug|Any CPU
		{29D3F09E-E990-72DD-39EA-09035DC63072}.Release|Any CPU.ActiveCfg = Release|Any CPU
		{29D3F09E-E990-72DD-39EA-09035DC63072}.Release|Any CPU.Build.0 = Release|Any CPU
		{F3E59575-4559-FFA0-DDDF-5F1F80A51C4E}.Debug|Any CPU.ActiveCfg = Debug|Any CPU
		{F3E59575-4559-FFA0-DDDF-5F1F80A51C4E}.Debug|Any CPU.Build.0 = Debug|Any CPU
		{F3E59575-4559-FFA0-DDDF-5F1F80A51C4E}.Release|Any CPU.ActiveCfg = Release|Any CPU
		{F3E59575-4559-FFA0-DDDF-5F1F80A51C4E}.Release|Any CPU.Build.0 = Release|Any CPU
		{7E0C5DAF-3280-719B-F41B-F78236B8560D}.Debug|Any CPU.ActiveCfg = Debug|Any CPU
		{7E0C5DAF-3280-719B-F41B-F78236B8560D}.Debug|Any CPU.Build.0 = Debug|Any CPU
		{7E0C5DAF-3280-719B-F41B-F78236B8560D}.Release|Any CPU.ActiveCfg = Release|Any CPU
		{7E0C5DAF-3280-719B-F41B-F78236B8560D}.Release|Any CPU.Build.0 = Release|Any CPU
		{2DE2CD75-71F3-0694-DB2A-8D90E70E8378}.Debug|Any CPU.ActiveCfg = Debug|Any CPU
		{2DE2CD75-71F3-0694-DB2A-8D90E70E8378}.Debug|Any CPU.Build.0 = Debug|Any CPU
		{2DE2CD75-71F3-0694-DB2A-8D90E70E8378}.Release|Any CPU.ActiveCfg = Release|Any CPU
		{2DE2CD75-71F3-0694-DB2A-8D90E70E8378}.Release|Any CPU.Build.0 = Release|Any CPU
		{EC430678-011E-A394-C94D-BDD2C1BDA6A3}.Debug|Any CPU.ActiveCfg = Debug|Any CPU
		{EC430678-011E-A394-C94D-BDD2C1BDA6A3}.Debug|Any CPU.Build.0 = Debug|Any CPU
		{EC430678-011E-A394-C94D-BDD2C1BDA6A3}.Release|Any CPU.ActiveCfg = Release|Any CPU
		{EC430678-011E-A394-C94D-BDD2C1BDA6A3}.Release|Any CPU.Build.0 = Release|Any CPU
		{2569BF18-4F98-96ED-3240-B091FFFDC7EF}.Debug|Any CPU.ActiveCfg = Debug|Any CPU
		{2569BF18-4F98-96ED-3240-B091FFFDC7EF}.Debug|Any CPU.Build.0 = Debug|Any CPU
		{2569BF18-4F98-96ED-3240-B091FFFDC7EF}.Release|Any CPU.ActiveCfg = Release|Any CPU
		{2569BF18-4F98-96ED-3240-B091FFFDC7EF}.Release|Any CPU.Build.0 = Release|Any CPU
		{F476D043-B448-D750-50AB-A22BF02738E2}.Debug|Any CPU.ActiveCfg = Debug|Any CPU
		{F476D043-B448-D750-50AB-A22BF02738E2}.Debug|Any CPU.Build.0 = Debug|Any CPU
		{F476D043-B448-D750-50AB-A22BF02738E2}.Release|Any CPU.ActiveCfg = Release|Any CPU
		{F476D043-B448-D750-50AB-A22BF02738E2}.Release|Any CPU.Build.0 = Release|Any CPU
		{F91B0426-0AEC-B3BA-CDBA-4510B9371D4F}.Debug|Any CPU.ActiveCfg = Debug|Any CPU
		{F91B0426-0AEC-B3BA-CDBA-4510B9371D4F}.Debug|Any CPU.Build.0 = Debug|Any CPU
		{F91B0426-0AEC-B3BA-CDBA-4510B9371D4F}.Release|Any CPU.ActiveCfg = Release|Any CPU
		{F91B0426-0AEC-B3BA-CDBA-4510B9371D4F}.Release|Any CPU.Build.0 = Release|Any CPU
		{C345BDBE-B1C4-60DE-A747-D22B09891F20}.Debug|Any CPU.ActiveCfg = Debug|Any CPU
		{C345BDBE-B1C4-60DE-A747-D22B09891F20}.Debug|Any CPU.Build.0 = Debug|Any CPU
		{C345BDBE-B1C4-60DE-A747-D22B09891F20}.Release|Any CPU.ActiveCfg = Release|Any CPU
		{C345BDBE-B1C4-60DE-A747-D22B09891F20}.Release|Any CPU.Build.0 = Release|Any CPU
		{95A603E9-1684-0B2B-C7F6-C058703ED0AA}.Debug|Any CPU.ActiveCfg = Debug|Any CPU
		{95A603E9-1684-0B2B-C7F6-C058703ED0AA}.Debug|Any CPU.Build.0 = Debug|Any CPU
		{95A603E9-1684-0B2B-C7F6-C058703ED0AA}.Release|Any CPU.ActiveCfg = Release|Any CPU
		{95A603E9-1684-0B2B-C7F6-C058703ED0AA}.Release|Any CPU.Build.0 = Release|Any CPU
	EndGlobalSection
	GlobalSection(SolutionProperties) = preSolution
		HideSolutionNode = FALSE
	EndGlobalSection
	GlobalSection(NestedProjects) = preSolution
		{6D7B3DF0-356A-D872-54E3-7993327A2AD3} = {B41BF331-FCCB-2ADF-CDB6-767964B34647}
		{F163A6DC-7A26-FDFE-1B31-0D56B76DD6CC} = {6D7B3DF0-356A-D872-54E3-7993327A2AD3}
		{6781F5B0-1692-C18B-25C3-9BDCD75DA5CD} = {6D7B3DF0-356A-D872-54E3-7993327A2AD3}
		{B2AF5C02-457A-C0BD-F3A1-8D58BD0202BB} = {6D7B3DF0-356A-D872-54E3-7993327A2AD3}
		{AF36EAA9-1982-5470-5DD0-0354FD5AB586} = {6D7B3DF0-356A-D872-54E3-7993327A2AD3}
		{0A943064-189C-C830-4AA4-8A0227EF8D86} = {6D7B3DF0-356A-D872-54E3-7993327A2AD3}
		{5E6F67F8-1CFC-FF16-C171-16FE1E906F19} = {6D7B3DF0-356A-D872-54E3-7993327A2AD3}
		{3F840EC0-947D-D716-ECE7-7C161E9661A0} = {6D7B3DF0-356A-D872-54E3-7993327A2AD3}
		{6FF089F9-AC54-029A-7839-3C1E3A434E09} = {6D7B3DF0-356A-D872-54E3-7993327A2AD3}
		{715B8A5E-AC84-972D-15E3-FF1B15C14DC0} = {6D7B3DF0-356A-D872-54E3-7993327A2AD3}
		{01594B66-1F2F-952D-E1B7-050DDCD76F80} = {6D7B3DF0-356A-D872-54E3-7993327A2AD3}
		{D8963A49-AE7D-588D-CDE1-DF09BB030E10} = {6D7B3DF0-356A-D872-54E3-7993327A2AD3}
		{EC7091FF-A509-3AEC-D524-5A52166C3A1C} = {6D7B3DF0-356A-D872-54E3-7993327A2AD3}
		{29D3F09E-E990-72DD-39EA-09035DC63072} = {6D7B3DF0-356A-D872-54E3-7993327A2AD3}
		{F3E59575-4559-FFA0-DDDF-5F1F80A51C4E} = {6D7B3DF0-356A-D872-54E3-7993327A2AD3}
		{7E0C5DAF-3280-719B-F41B-F78236B8560D} = {6D7B3DF0-356A-D872-54E3-7993327A2AD3}
		{2DE2CD75-71F3-0694-DB2A-8D90E70E8378} = {6D7B3DF0-356A-D872-54E3-7993327A2AD3}
		{EC430678-011E-A394-C94D-BDD2C1BDA6A3} = {6D7B3DF0-356A-D872-54E3-7993327A2AD3}
		{2569BF18-4F98-96ED-3240-B091FFFDC7EF} = {6D7B3DF0-356A-D872-54E3-7993327A2AD3}
		{21041CEE-042B-FAC8-2411-85F029E9B077} = {6D7B3DF0-356A-D872-54E3-7993327A2AD3}
		{F476D043-B448-D750-50AB-A22BF02738E2} = {21041CEE-042B-FAC8-2411-85F029E9B077}
		{F91B0426-0AEC-B3BA-CDBA-4510B9371D4F} = {21041CEE-042B-FAC8-2411-85F029E9B077}
		{C345BDBE-B1C4-60DE-A747-D22B09891F20} = {21041CEE-042B-FAC8-2411-85F029E9B077}
		{95A603E9-1684-0B2B-C7F6-C058703ED0AA} = {21041CEE-042B-FAC8-2411-85F029E9B077}
	EndGlobalSection
	GlobalSection(ExtensibilityGlobals) = postSolution
		SolutionGuid = {DB9C75EC-BC5B-4270-B6EF-15092492A564}
	EndGlobalSection
EndGlobal
