Microsoft Visual Studio Solution File, Format Version 12.00
# Visual Studio Version 17
VisualStudioVersion = 17.5.2.0
MinimumVisualStudioVersion = 10.0.40219.1
Project("{FAE04EC0-301F-11D3-BF4B-00C04F79EFBC}") = "C#MortgagePaymentCalculator", "C#MortgagePaymentCalculator.csproj", "{E907DB2C-5270-B305-6771-27F83867F945}"
EndProject
Global
	GlobalSection(SolutionConfigurationPlatforms) = preSolution
		Debug|Any CPU = Debug|Any CPU
		Release|Any CPU = Release|Any CPU
	EndGlobalSection
	GlobalSection(ProjectConfigurationPlatforms) = postSolution
		{E907DB2C-5270-B305-6771-27F83867F945}.Debug|Any CPU.ActiveCfg = Debug|Any CPU
		{E907DB2C-5270-B305-6771-27F83867F945}.Debug|Any CPU.Build.0 = Debug|Any CPU
		{E907DB2C-5270-B305-6771-27F83867F945}.Release|Any CPU.ActiveCfg = Release|Any CPU
		{E907DB2C-5270-B305-6771-27F83867F945}.Release|Any CPU.Build.0 = Release|Any CPU
	EndGlobalSection
	GlobalSection(SolutionProperties) = preSolution
		HideSolutionNode = FALSE
	EndGlobalSection
	GlobalSection(ExtensibilityGlobals) = postSolution
		SolutionGuid = {C5F7E3D2-85E1-4385-A22F-F46C45DC2350}
	EndGlobalSection
EndGlobal
